
Microsoft Visual Studio Solution File, Format Version 12.00
# Visual Studio Version 17
VisualStudioVersion = 17.5.002.0
MinimumVisualStudioVersion = 10.0.40219.1
Project("{2150E333-8FDC-42A3-9474-1A3956D46DE8}") = "src", "src", "{5C94240B-EC27-45B7-8936-C086CD9DF79C}"
EndProject
Project("{FAE04EC0-301F-11D3-BF4B-00C04F79EFBC}") = "Launcher", "src\Launcher\Launcher.csproj", "{02D37FE4-A2DA-4624-9DB6-CB52A373D6A6}"
EndProject
Project("{2150E333-8FDC-42A3-9474-1A3956D46DE8}") = "fs", "fs", "{A572C920-77BD-4995-BB24-6F8C0B832ABB}"
EndProject
Project("{F2A71F9B-5D33-465A-A702-920D77279786}") = "Fs.Lib", "fs\Fs.Lib\Fs.Lib.fsproj", "{382210F1-9241-4A8D-9F65-1BD0D09EF17C}"
EndProject
Project("{F2A71F9B-5D33-465A-A702-920D77279786}") = "Fs.Runner", "fs\Fs.Runner\Fs.Runner.fsproj", "{853019F1-98C6-44F7-AC82-AB029666BD59}"
EndProject
Project("{2150E333-8FDC-42A3-9474-1A3956D46DE8}") = "app", "app", "{E0955CED-0D5C-40D7-B198-0750C73E8127}"
EndProject
Global
	GlobalSection(SolutionConfigurationPlatforms) = preSolution
		Debug|Any CPU = Debug|Any CPU
		Debug|x64 = Debug|x64
		Debug|x86 = Debug|x86
		Release|Any CPU = Release|Any CPU
		Release|x64 = Release|x64
		Release|x86 = Release|x86
	EndGlobalSection
	GlobalSection(ProjectConfigurationPlatforms) = postSolution
		{02D37FE4-A2DA-4624-9DB6-CB52A373D6A6}.Debug|Any CPU.ActiveCfg = Debug|Any CPU
		{02D37FE4-A2DA-4624-9DB6-CB52A373D6A6}.Debug|Any CPU.Build.0 = Debug|Any CPU
		{02D37FE4-A2DA-4624-9DB6-CB52A373D6A6}.Debug|x64.ActiveCfg = Debug|Any CPU
		{02D37FE4-A2DA-4624-9DB6-CB52A373D6A6}.Debug|x64.Build.0 = Debug|Any CPU
		{02D37FE4-A2DA-4624-9DB6-CB52A373D6A6}.Debug|x86.ActiveCfg = Debug|Any CPU
		{02D37FE4-A2DA-4624-9DB6-CB52A373D6A6}.Debug|x86.Build.0 = Debug|Any CPU
		{02D37FE4-A2DA-4624-9DB6-CB52A373D6A6}.Release|Any CPU.ActiveCfg = Release|Any CPU
		{02D37FE4-A2DA-4624-9DB6-CB52A373D6A6}.Release|Any CPU.Build.0 = Release|Any CPU
		{02D37FE4-A2DA-4624-9DB6-CB52A373D6A6}.Release|x64.ActiveCfg = Release|Any CPU
		{02D37FE4-A2DA-4624-9DB6-CB52A373D6A6}.Release|x64.Build.0 = Release|Any CPU
		{02D37FE4-A2DA-4624-9DB6-CB52A373D6A6}.Release|x86.ActiveCfg = Release|Any CPU
		{02D37FE4-A2DA-4624-9DB6-CB52A373D6A6}.Release|x86.Build.0 = Release|Any CPU
		{382210F1-9241-4A8D-9F65-1BD0D09EF17C}.Debug|Any CPU.ActiveCfg = Debug|Any CPU
		{382210F1-9241-4A8D-9F65-1BD0D09EF17C}.Debug|Any CPU.Build.0 = Debug|Any CPU
		{382210F1-9241-4A8D-9F65-1BD0D09EF17C}.Debug|x64.ActiveCfg = Debug|Any CPU
		{382210F1-9241-4A8D-9F65-1BD0D09EF17C}.Debug|x64.Build.0 = Debug|Any CPU
		{382210F1-9241-4A8D-9F65-1BD0D09EF17C}.Debug|x86.ActiveCfg = Debug|Any CPU
		{382210F1-9241-4A8D-9F65-1BD0D09EF17C}.Debug|x86.Build.0 = Debug|Any CPU
		{382210F1-9241-4A8D-9F65-1BD0D09EF17C}.Release|Any CPU.ActiveCfg = Release|Any CPU
		{382210F1-9241-4A8D-9F65-1BD0D09EF17C}.Release|Any CPU.Build.0 = Release|Any CPU
		{382210F1-9241-4A8D-9F65-1BD0D09EF17C}.Release|x64.ActiveCfg = Release|Any CPU
		{382210F1-9241-4A8D-9F65-1BD0D09EF17C}.Release|x64.Build.0 = Release|Any CPU
		{382210F1-9241-4A8D-9F65-1BD0D09EF17C}.Release|x86.ActiveCfg = Release|Any CPU
		{382210F1-9241-4A8D-9F65-1BD0D09EF17C}.Release|x86.Build.0 = Release|Any CPU
		{853019F1-98C6-44F7-AC82-AB029666BD59}.Debug|Any CPU.ActiveCfg = Debug|Any CPU
		{853019F1-98C6-44F7-AC82-AB029666BD59}.Debug|Any CPU.Build.0 = Debug|Any CPU
		{853019F1-98C6-44F7-AC82-AB029666BD59}.Debug|x64.ActiveCfg = Debug|Any CPU
		{853019F1-98C6-44F7-AC82-AB029666BD59}.Debug|x64.Build.0 = Debug|Any CPU
		{853019F1-98C6-44F7-AC82-AB029666BD59}.Debug|x86.ActiveCfg = Debug|Any CPU
		{853019F1-98C6-44F7-AC82-AB029666BD59}.Debug|x86.Build.0 = Debug|Any CPU
		{853019F1-98C6-44F7-AC82-AB029666BD59}.Release|Any CPU.ActiveCfg = Release|Any CPU
		{853019F1-98C6-44F7-AC82-AB029666BD59}.Release|Any CPU.Build.0 = Release|Any CPU
		{853019F1-98C6-44F7-AC82-AB029666BD59}.Release|x64.ActiveCfg = Release|Any CPU
		{853019F1-98C6-44F7-AC82-AB029666BD59}.Release|x64.Build.0 = Release|Any CPU
		{853019F1-98C6-44F7-AC82-AB029666BD59}.Release|x86.ActiveCfg = Release|Any CPU
		{853019F1-98C6-44F7-AC82-AB029666BD59}.Release|x86.Build.0 = Release|Any CPU
	EndGlobalSection
	GlobalSection(SolutionProperties) = preSolution
		HideSolutionNode = FALSE
	EndGlobalSection
	GlobalSection(NestedProjects) = preSolution
		{02D37FE4-A2DA-4624-9DB6-CB52A373D6A6} = {5C94240B-EC27-45B7-8936-C086CD9DF79C}
		{382210F1-9241-4A8D-9F65-1BD0D09EF17C} = {A572C920-77BD-4995-BB24-6F8C0B832ABB}
		{853019F1-98C6-44F7-AC82-AB029666BD59} = {A572C920-77BD-4995-BB24-6F8C0B832ABB}
	EndGlobalSection
	GlobalSection(ExtensibilityGlobals) = postSolution
		SolutionGuid = {60E1E513-70EB-4539-BF8D-0B6304663089}
	EndGlobalSection
EndGlobal
